
Microsoft Visual Studio Solution File, Format Version 12.00
# Visual Studio Version 16
VisualStudioVersion = 16.0.31410.357
MinimumVisualStudioVersion = 10.0.40219.1
Project("{FAE04EC0-301F-11D3-BF4B-00C04F79EFBC}") = "TheThreeOwlsWebApp", "TheThreeOwlsWebApp\TheThreeOwlsWebApp.csproj", "{58F2CFA9-0EE3-41E7-8CC7-B80AB824C1EA}"
EndProject
Global
	GlobalSection(SolutionConfigurationPlatforms) = preSolution
		Debug|Any CPU = Debug|Any CPU
		Release|Any CPU = Release|Any CPU
	EndGlobalSection
	GlobalSection(ProjectConfigurationPlatforms) = postSolution
		{58F2CFA9-0EE3-41E7-8CC7-B80AB824C1EA}.Debug|Any CPU.ActiveCfg = Debug|Any CPU
		{58F2CFA9-0EE3-41E7-8CC7-B80AB824C1EA}.Debug|Any CPU.Build.0 = Debug|Any CPU
		{58F2CFA9-0EE3-41E7-8CC7-B80AB824C1EA}.Release|Any CPU.ActiveCfg = Release|Any CPU
		{58F2CFA9-0EE3-41E7-8CC7-B80AB824C1EA}.Release|Any CPU.Build.0 = Release|Any CPU
	EndGlobalSection
	GlobalSection(SolutionProperties) = preSolution
		HideSolutionNode = FALSE
	EndGlobalSection
	GlobalSection(ExtensibilityGlobals) = postSolution
		SolutionGuid = {6B6743EF-350D-4247-BE77-874456C16094}
	EndGlobalSection
EndGlobal
